// !$*UTF8*$!
{
	archiveVersion = 1;
	classes = {
	};
	objectVersion = 55;
	objects = {

/* Begin PBXBuildFile section */
		35D6B3B628432D9300321698 /* AppDelegate.swift in Sources */ = {isa = PBXBuildFile; fileRef = 35D6B3B528432D9300321698 /* AppDelegate.swift */; };
		35D6B3BF28432D9A00321698 /* Assets.xcassets in Resources */ = {isa = PBXBuildFile; fileRef = 35D6B3BE28432D9A00321698 /* Assets.xcassets */; };
		35D6B3C228432D9A00321698 /* LaunchScreen.storyboard in Resources */ = {isa = PBXBuildFile; fileRef = 35D6B3C028432D9A00321698 /* LaunchScreen.storyboard */; };
		35D6B3D6284333D800321698 /* Managers.swift in Sources */ = {isa = PBXBuildFile; fileRef = 35D6B3D5284333D800321698 /* Managers.swift */; };
		35D6B3D8284334AC00321698 /* UserDefaults+Extension.swift in Sources */ = {isa = PBXBuildFile; fileRef = 35D6B3D7284334AC00321698 /* UserDefaults+Extension.swift */; };
		35D6B3DB2843352C00321698 /* UserDefaultsKeys.swift in Sources */ = {isa = PBXBuildFile; fileRef = 35D6B3DA2843352C00321698 /* UserDefaultsKeys.swift */; };
		35D6B3DE28433CD500321698 /* SnapKit in Frameworks */ = {isa = PBXBuildFile; productRef = 35D6B3DD28433CD500321698 /* SnapKit */; };
		35D6B3E028433DEB00321698 /* HomeViewController.swift in Sources */ = {isa = PBXBuildFile; fileRef = 35D6B3DF28433DEB00321698 /* HomeViewController.swift */; };
		35D6B3E22843426000321698 /* BaseViewController.swift in Sources */ = {isa = PBXBuildFile; fileRef = 35D6B3E12843426000321698 /* BaseViewController.swift */; };
		35D6B3E52843442500321698 /* ToDoTableViewCell.swift in Sources */ = {isa = PBXBuildFile; fileRef = 35D6B3E42843442500321698 /* ToDoTableViewCell.swift */; };
		35D6B3E72843660100321698 /* HomeViewModel.swift in Sources */ = {isa = PBXBuildFile; fileRef = 35D6B3E62843660100321698 /* HomeViewModel.swift */; };
		35D6B3E92843666E00321698 /* ToDoModel.swift in Sources */ = {isa = PBXBuildFile; fileRef = 35D6B3E82843666E00321698 /* ToDoModel.swift */; };
		35D6B3ED2843671400321698 /* ToDoViewModel.swift in Sources */ = {isa = PBXBuildFile; fileRef = 35D6B3EC2843671400321698 /* ToDoViewModel.swift */; };
/* End PBXBuildFile section */

/* Begin PBXFileReference section */
		35D6B3B228432D9300321698 /* my to do list.app */ = {isa = PBXFileReference; explicitFileType = wrapper.application; includeInIndex = 0; path = "my to do list.app"; sourceTree = BUILT_PRODUCTS_DIR; };
		35D6B3B528432D9300321698 /* AppDelegate.swift */ = {isa = PBXFileReference; lastKnownFileType = sourcecode.swift; path = AppDelegate.swift; sourceTree = "<group>"; };
		35D6B3BE28432D9A00321698 /* Assets.xcassets */ = {isa = PBXFileReference; lastKnownFileType = folder.assetcatalog; path = Assets.xcassets; sourceTree = "<group>"; };
		35D6B3C128432D9A00321698 /* Base */ = {isa = PBXFileReference; lastKnownFileType = file.storyboard; name = Base; path = Base.lproj/LaunchScreen.storyboard; sourceTree = "<group>"; };
		35D6B3C328432D9A00321698 /* Info.plist */ = {isa = PBXFileReference; lastKnownFileType = text.plist.xml; path = Info.plist; sourceTree = "<group>"; };
		35D6B3D5284333D800321698 /* Managers.swift */ = {isa = PBXFileReference; lastKnownFileType = sourcecode.swift; path = Managers.swift; sourceTree = "<group>"; };
		35D6B3D7284334AC00321698 /* UserDefaults+Extension.swift */ = {isa = PBXFileReference; lastKnownFileType = sourcecode.swift; path = "UserDefaults+Extension.swift"; sourceTree = "<group>"; };
		35D6B3DA2843352C00321698 /* UserDefaultsKeys.swift */ = {isa = PBXFileReference; lastKnownFileType = sourcecode.swift; path = UserDefaultsKeys.swift; sourceTree = "<group>"; };
		35D6B3DF28433DEB00321698 /* HomeViewController.swift */ = {isa = PBXFileReference; lastKnownFileType = sourcecode.swift; path = HomeViewController.swift; sourceTree = "<group>"; };
		35D6B3E12843426000321698 /* BaseViewController.swift */ = {isa = PBXFileReference; lastKnownFileType = sourcecode.swift; path = BaseViewController.swift; sourceTree = "<group>"; };
		35D6B3E42843442500321698 /* ToDoTableViewCell.swift */ = {isa = PBXFileReference; lastKnownFileType = sourcecode.swift; path = ToDoTableViewCell.swift; sourceTree = "<group>"; };
		35D6B3E62843660100321698 /* HomeViewModel.swift */ = {isa = PBXFileReference; lastKnownFileType = sourcecode.swift; path = HomeViewModel.swift; sourceTree = "<group>"; };
		35D6B3E82843666E00321698 /* ToDoModel.swift */ = {isa = PBXFileReference; lastKnownFileType = sourcecode.swift; path = ToDoModel.swift; sourceTree = "<group>"; };
		35D6B3EC2843671400321698 /* ToDoViewModel.swift */ = {isa = PBXFileReference; lastKnownFileType = sourcecode.swift; path = ToDoViewModel.swift; sourceTree = "<group>"; };
/* End PBXFileReference section */

/* Begin PBXFrameworksBuildPhase section */
		35D6B3AF28432D9300321698 /* Frameworks */ = {
			isa = PBXFrameworksBuildPhase;
			buildActionMask = 2147483647;
			files = (
				35D6B3DE28433CD500321698 /* SnapKit in Frameworks */,
			);
			runOnlyForDeploymentPostprocessing = 0;
		};
/* End PBXFrameworksBuildPhase section */

/* Begin PBXGroup section */
		35D6B3A928432D9300321698 = {
			isa = PBXGroup;
			children = (
				35D6B3B428432D9300321698 /* my to do list */,
				35D6B3B328432D9300321698 /* Products */,
			);
			sourceTree = "<group>";
		};
		35D6B3B328432D9300321698 /* Products */ = {
			isa = PBXGroup;
			children = (
				35D6B3B228432D9300321698 /* my to do list.app */,
			);
			name = Products;
			sourceTree = "<group>";
		};
		35D6B3B428432D9300321698 /* my to do list */ = {
			isa = PBXGroup;
			children = (
				35D6B3EE284368D400321698 /* Common */,
				35D6B3CB28432E1300321698 /* Modules */,
				35D6B3CA28432E0600321698 /* Helpers */,
				35D6B3B528432D9300321698 /* AppDelegate.swift */,
				35D6B3BE28432D9A00321698 /* Assets.xcassets */,
				35D6B3C028432D9A00321698 /* LaunchScreen.storyboard */,
				35D6B3C328432D9A00321698 /* Info.plist */,
			);
			path = "my to do list";
			sourceTree = "<group>";
		};
		35D6B3C928432DF900321698 /* Manager */ = {
			isa = PBXGroup;
			children = (
				35D6B3D5284333D800321698 /* Managers.swift */,
			);
			path = Manager;
			sourceTree = "<group>";
		};
		35D6B3CA28432E0600321698 /* Helpers */ = {
			isa = PBXGroup;
			children = (
				35D6B3E32843428000321698 /* Base */,
				35D6B3D92843352300321698 /* Enums */,
				35D6B3CE28432F0A00321698 /* Extensions */,
				35D6B3C928432DF900321698 /* Manager */,
			);
			path = Helpers;
			sourceTree = "<group>";
		};
		35D6B3CB28432E1300321698 /* Modules */ = {
			isa = PBXGroup;
			children = (
				35D6B3CC28432E1C00321698 /* Home */,
				35D6B3CD28432E2200321698 /* Create TODO */,
			);
			path = Modules;
			sourceTree = "<group>";
		};
		35D6B3CC28432E1C00321698 /* Home */ = {
			isa = PBXGroup;
			children = (
				35D6B3D128432F7D00321698 /* Views */,
				35D6B3D028432F7100321698 /* ViewModels */,
			);
			path = Home;
			sourceTree = "<group>";
		};
		35D6B3CD28432E2200321698 /* Create TODO */ = {
			isa = PBXGroup;
			children = (
				35D6B3D428432F9B00321698 /* Models */,
				35D6B3D328432F9700321698 /* Views */,
				35D6B3D228432F8F00321698 /* ViewModels */,
			);
			path = "Create TODO";
			sourceTree = "<group>";
		};
		35D6B3CE28432F0A00321698 /* Extensions */ = {
			isa = PBXGroup;
			children = (
				35D6B3D7284334AC00321698 /* UserDefaults+Extension.swift */,
			);
			path = Extensions;
			sourceTree = "<group>";
		};
		35D6B3D028432F7100321698 /* ViewModels */ = {
			isa = PBXGroup;
			children = (
				35D6B3E62843660100321698 /* HomeViewModel.swift */,
			);
			path = ViewModels;
			sourceTree = "<group>";
		};
		35D6B3D128432F7D00321698 /* Views */ = {
			isa = PBXGroup;
			children = (
				35D6B3DF28433DEB00321698 /* HomeViewController.swift */,
				35D6B3E42843442500321698 /* ToDoTableViewCell.swift */,
			);
			path = Views;
			sourceTree = "<group>";
		};
		35D6B3D228432F8F00321698 /* ViewModels */ = {
			isa = PBXGroup;
			children = (
			);
			path = ViewModels;
			sourceTree = "<group>";
		};
		35D6B3D328432F9700321698 /* Views */ = {
			isa = PBXGroup;
			children = (
			);
			path = Views;
			sourceTree = "<group>";
		};
		35D6B3D428432F9B00321698 /* Models */ = {
			isa = PBXGroup;
			children = (
			);
			name = Models;
			sourceTree = "<group>";
		};
		35D6B3D92843352300321698 /* Enums */ = {
			isa = PBXGroup;
			children = (
				35D6B3DA2843352C00321698 /* UserDefaultsKeys.swift */,
			);
			path = Enums;
			sourceTree = "<group>";
		};
		35D6B3E32843428000321698 /* Base */ = {
			isa = PBXGroup;
			children = (
				35D6B3E12843426000321698 /* BaseViewController.swift */,
			);
			path = Base;
			sourceTree = "<group>";
		};
		35D6B3EA284366EC00321698 /* ViewModels */ = {
			isa = PBXGroup;
			children = (
				35D6B3EC2843671400321698 /* ToDoViewModel.swift */,
			);
			path = ViewModels;
			sourceTree = "<group>";
		};
		35D6B3EB284366F600321698 /* Models */ = {
			isa = PBXGroup;
			children = (
				35D6B3E82843666E00321698 /* ToDoModel.swift */,
			);
			path = Models;
			sourceTree = "<group>";
		};
		35D6B3EE284368D400321698 /* Common */ = {
			isa = PBXGroup;
			children = (
				35D6B3EB284366F600321698 /* Models */,
				35D6B3EA284366EC00321698 /* ViewModels */,
			);
			path = Common;
			sourceTree = "<group>";
		};
/* End PBXGroup section */

/* Begin PBXNativeTarget section */
		35D6B3B128432D9300321698 /* my to do list */ = {
			isa = PBXNativeTarget;
			buildConfigurationList = 35D6B3C628432D9A00321698 /* Build configuration list for PBXNativeTarget "my to do list" */;
			buildPhases = (
				35D6B3AE28432D9300321698 /* Sources */,
				35D6B3AF28432D9300321698 /* Frameworks */,
				35D6B3B028432D9300321698 /* Resources */,
			);
			buildRules = (
			);
			dependencies = (
			);
			name = "my to do list";
			packageProductDependencies = (
				35D6B3DD28433CD500321698 /* SnapKit */,
			);
			productName = "my to do list";
			productReference = 35D6B3B228432D9300321698 /* my to do list.app */;
			productType = "com.apple.product-type.application";
		};
/* End PBXNativeTarget section */

/* Begin PBXProject section */
		35D6B3AA28432D9300321698 /* Project object */ = {
			isa = PBXProject;
			attributes = {
				BuildIndependentTargetsInParallel = 1;
				LastSwiftUpdateCheck = 1340;
				LastUpgradeCheck = 1340;
				TargetAttributes = {
					35D6B3B128432D9300321698 = {
						CreatedOnToolsVersion = 13.4;
					};
				};
			};
			buildConfigurationList = 35D6B3AD28432D9300321698 /* Build configuration list for PBXProject "my to do list" */;
			compatibilityVersion = "Xcode 13.0";
			developmentRegion = en;
			hasScannedForEncodings = 0;
			knownRegions = (
				en,
				Base,
			);
			mainGroup = 35D6B3A928432D9300321698;
			packageReferences = (
				35D6B3DC28433CD500321698 /* XCRemoteSwiftPackageReference "SnapKit" */,
			);
			productRefGroup = 35D6B3B328432D9300321698 /* Products */;
			projectDirPath = "";
			projectRoot = "";
			targets = (
				35D6B3B128432D9300321698 /* my to do list */,
			);
		};
/* End PBXProject section */

/* Begin PBXResourcesBuildPhase section */
		35D6B3B028432D9300321698 /* Resources */ = {
			isa = PBXResourcesBuildPhase;
			buildActionMask = 2147483647;
			files = (
				35D6B3C228432D9A00321698 /* LaunchScreen.storyboard in Resources */,
				35D6B3BF28432D9A00321698 /* Assets.xcassets in Resources */,
			);
			runOnlyForDeploymentPostprocessing = 0;
		};
/* End PBXResourcesBuildPhase section */

/* Begin PBXSourcesBuildPhase section */
		35D6B3AE28432D9300321698 /* Sources */ = {
			isa = PBXSourcesBuildPhase;
			buildActionMask = 2147483647;
			files = (
				35D6B3ED2843671400321698 /* ToDoViewModel.swift in Sources */,
				35D6B3E52843442500321698 /* ToDoTableViewCell.swift in Sources */,
				35D6B3E028433DEB00321698 /* HomeViewController.swift in Sources */,
				35D6B3DB2843352C00321698 /* UserDefaultsKeys.swift in Sources */,
				35D6B3E72843660100321698 /* HomeViewModel.swift in Sources */,
				35D6B3B628432D9300321698 /* AppDelegate.swift in Sources */,
				35D6B3D8284334AC00321698 /* UserDefaults+Extension.swift in Sources */,
				35D6B3D6284333D800321698 /* Managers.swift in Sources */,
				35D6B3E22843426000321698 /* BaseViewController.swift in Sources */,
				35D6B3E92843666E00321698 /* ToDoModel.swift in Sources */,
			);
			runOnlyForDeploymentPostprocessing = 0;
		};
/* End PBXSourcesBuildPhase section */

/* Begin PBXVariantGroup section */
		35D6B3C028432D9A00321698 /* LaunchScreen.storyboard */ = {
			isa = PBXVariantGroup;
			children = (
				35D6B3C128432D9A00321698 /* Base */,
			);
			name = LaunchScreen.storyboard;
			sourceTree = "<group>";
		};
/* End PBXVariantGroup section */

/* Begin XCBuildConfiguration section */
		35D6B3C428432D9A00321698 /* Debug */ = {
			isa = XCBuildConfiguration;
			buildSettings = {
				ALWAYS_SEARCH_USER_PATHS = NO;
				CLANG_ANALYZER_NONNULL = YES;
				CLANG_ANALYZER_NUMBER_OBJECT_CONVERSION = YES_AGGRESSIVE;
				CLANG_CXX_LANGUAGE_STANDARD = "gnu++17";
				CLANG_ENABLE_MODULES = YES;
				CLANG_ENABLE_OBJC_ARC = YES;
				CLANG_ENABLE_OBJC_WEAK = YES;
				CLANG_WARN_BLOCK_CAPTURE_AUTORELEASING = YES;
				CLANG_WARN_BOOL_CONVERSION = YES;
				CLANG_WARN_COMMA = YES;
				CLANG_WARN_CONSTANT_CONVERSION = YES;
				CLANG_WARN_DEPRECATED_OBJC_IMPLEMENTATIONS = YES;
				CLANG_WARN_DIRECT_OBJC_ISA_USAGE = YES_ERROR;
				CLANG_WARN_DOCUMENTATION_COMMENTS = YES;
				CLANG_WARN_EMPTY_BODY = YES;
				CLANG_WARN_ENUM_CONVERSION = YES;
				CLANG_WARN_INFINITE_RECURSION = YES;
				CLANG_WARN_INT_CONVERSION = YES;
				CLANG_WARN_NON_LITERAL_NULL_CONVERSION = YES;
				CLANG_WARN_OBJC_IMPLICIT_RETAIN_SELF = YES;
				CLANG_WARN_OBJC_LITERAL_CONVERSION = YES;
				CLANG_WARN_OBJC_ROOT_CLASS = YES_ERROR;
				CLANG_WARN_QUOTED_INCLUDE_IN_FRAMEWORK_HEADER = YES;
				CLANG_WARN_RANGE_LOOP_ANALYSIS = YES;
				CLANG_WARN_STRICT_PROTOTYPES = YES;
				CLANG_WARN_SUSPICIOUS_MOVE = YES;
				CLANG_WARN_UNGUARDED_AVAILABILITY = YES_AGGRESSIVE;
				CLANG_WARN_UNREACHABLE_CODE = YES;
				CLANG_WARN__DUPLICATE_METHOD_MATCH = YES;
				COPY_PHASE_STRIP = NO;
				DEBUG_INFORMATION_FORMAT = dwarf;
				ENABLE_STRICT_OBJC_MSGSEND = YES;
				ENABLE_TESTABILITY = YES;
				GCC_C_LANGUAGE_STANDARD = gnu11;
				GCC_DYNAMIC_NO_PIC = NO;
				GCC_NO_COMMON_BLOCKS = YES;
				GCC_OPTIMIZATION_LEVEL = 0;
				GCC_PREPROCESSOR_DEFINITIONS = (
					"DEBUG=1",
					"$(inherited)",
				);
				GCC_WARN_64_TO_32_BIT_CONVERSION = YES;
				GCC_WARN_ABOUT_RETURN_TYPE = YES_ERROR;
				GCC_WARN_UNDECLARED_SELECTOR = YES;
				GCC_WARN_UNINITIALIZED_AUTOS = YES_AGGRESSIVE;
				GCC_WARN_UNUSED_FUNCTION = YES;
				GCC_WARN_UNUSED_VARIABLE = YES;
				IPHONEOS_DEPLOYMENT_TARGET = 15.5;
				MTL_ENABLE_DEBUG_INFO = INCLUDE_SOURCE;
				MTL_FAST_MATH = YES;
				ONLY_ACTIVE_ARCH = YES;
				SDKROOT = iphoneos;
				SWIFT_ACTIVE_COMPILATION_CONDITIONS = DEBUG;
				SWIFT_OPTIMIZATION_LEVEL = "-Onone";
			};
			name = Debug;
		};
		35D6B3C528432D9A00321698 /* Release */ = {
			isa = XCBuildConfiguration;
			buildSettings = {
				ALWAYS_SEARCH_USER_PATHS = NO;
				CLANG_ANALYZER_NONNULL = YES;
				CLANG_ANALYZER_NUMBER_OBJECT_CONVERSION = YES_AGGRESSIVE;
				CLANG_CXX_LANGUAGE_STANDARD = "gnu++17";
				CLANG_ENABLE_MODULES = YES;
				CLANG_ENABLE_OBJC_ARC = YES;
				CLANG_ENABLE_OBJC_WEAK = YES;
				CLANG_WARN_BLOCK_CAPTURE_AUTORELEASING = YES;
				CLANG_WARN_BOOL_CONVERSION = YES;
				CLANG_WARN_COMMA = YES;
				CLANG_WARN_CONSTANT_CONVERSION = YES;
				CLANG_WARN_DEPRECATED_OBJC_IMPLEMENTATIONS = YES;
				CLANG_WARN_DIRECT_OBJC_ISA_USAGE = YES_ERROR;
				CLANG_WARN_DOCUMENTATION_COMMENTS = YES;
				CLANG_WARN_EMPTY_BODY = YES;
				CLANG_WARN_ENUM_CONVERSION = YES;
				CLANG_WARN_INFINITE_RECURSION = YES;
				CLANG_WARN_INT_CONVERSION = YES;
				CLANG_WARN_NON_LITERAL_NULL_CONVERSION = YES;
				CLANG_WARN_OBJC_IMPLICIT_RETAIN_SELF = YES;
				CLANG_WARN_OBJC_LITERAL_CONVERSION = YES;
				CLANG_WARN_OBJC_ROOT_CLASS = YES_ERROR;
				CLANG_WARN_QUOTED_INCLUDE_IN_FRAMEWORK_HEADER = YES;
				CLANG_WARN_RANGE_LOOP_ANALYSIS = YES;
				CLANG_WARN_STRICT_PROTOTYPES = YES;
				CLANG_WARN_SUSPICIOUS_MOVE = YES;
				CLANG_WARN_UNGUARDED_AVAILABILITY = YES_AGGRESSIVE;
				CLANG_WARN_UNREACHABLE_CODE = YES;
				CLANG_WARN__DUPLICATE_METHOD_MATCH = YES;
				COPY_PHASE_STRIP = NO;
				DEBUG_INFORMATION_FORMAT = "dwarf-with-dsym";
				ENABLE_NS_ASSERTIONS = NO;
				ENABLE_STRICT_OBJC_MSGSEND = YES;
				GCC_C_LANGUAGE_STANDARD = gnu11;
				GCC_NO_COMMON_BLOCKS = YES;
				GCC_WARN_64_TO_32_BIT_CONVERSION = YES;
				GCC_WARN_ABOUT_RETURN_TYPE = YES_ERROR;
				GCC_WARN_UNDECLARED_SELECTOR = YES;
				GCC_WARN_UNINITIALIZED_AUTOS = YES_AGGRESSIVE;
				GCC_WARN_UNUSED_FUNCTION = YES;
				GCC_WARN_UNUSED_VARIABLE = YES;
				IPHONEOS_DEPLOYMENT_TARGET = 15.5;
				MTL_ENABLE_DEBUG_INFO = NO;
				MTL_FAST_MATH = YES;
				SDKROOT = iphoneos;
				SWIFT_COMPILATION_MODE = wholemodule;
				SWIFT_OPTIMIZATION_LEVEL = "-O";
				VALIDATE_PRODUCT = YES;
			};
			name = Release;
		};
		35D6B3C728432D9A00321698 /* Debug */ = {
			isa = XCBuildConfiguration;
			buildSettings = {
				ASSETCATALOG_COMPILER_APPICON_NAME = AppIcon;
				ASSETCATALOG_COMPILER_GLOBAL_ACCENT_COLOR_NAME = AccentColor;
				CODE_SIGN_STYLE = Automatic;
				CURRENT_PROJECT_VERSION = 1;
				DEVELOPMENT_TEAM = F2P4X5Y727;
				GENERATE_INFOPLIST_FILE = YES;
				INFOPLIST_FILE = "my to do list/Info.plist";
				INFOPLIST_KEY_UIApplicationSupportsIndirectInputEvents = YES;
				INFOPLIST_KEY_UILaunchStoryboardName = LaunchScreen;
				INFOPLIST_KEY_UISupportedInterfaceOrientations_iPad = "UIInterfaceOrientationPortrait UIInterfaceOrientationPortraitUpsideDown UIInterfaceOrientationLandscapeLeft UIInterfaceOrientationLandscapeRight";
				INFOPLIST_KEY_UISupportedInterfaceOrientations_iPhone = "UIInterfaceOrientationPortrait UIInterfaceOrientationLandscapeLeft UIInterfaceOrientationLandscapeRight";
				LD_RUNPATH_SEARCH_PATHS = (
					"$(inherited)",
					"@executable_path/Frameworks",
				);
				MARKETING_VERSION = 1.0;
				PRODUCT_BUNDLE_IDENTIFIER = "com.leon.my-to-do-list";
				PRODUCT_NAME = "$(TARGET_NAME)";
				SWIFT_EMIT_LOC_STRINGS = YES;
				SWIFT_VERSION = 5.0;
				TARGETED_DEVICE_FAMILY = "1,2";
			};
			name = Debug;
		};
		35D6B3C828432D9A00321698 /* Release */ = {
			isa = XCBuildConfiguration;
			buildSettings = {
				ASSETCATALOG_COMPILER_APPICON_NAME = AppIcon;
				ASSETCATALOG_COMPILER_GLOBAL_ACCENT_COLOR_NAME = AccentColor;
				CODE_SIGN_STYLE = Automatic;
				CURRENT_PROJECT_VERSION = 1;
				DEVELOPMENT_TEAM = F2P4X5Y727;
				GENERATE_INFOPLIST_FILE = YES;
				INFOPLIST_FILE = "my to do list/Info.plist";
				INFOPLIST_KEY_UIApplicationSupportsIndirectInputEvents = YES;
				INFOPLIST_KEY_UILaunchStoryboardName = LaunchScreen;
				INFOPLIST_KEY_UISupportedInterfaceOrientations_iPad = "UIInterfaceOrientationPortrait UIInterfaceOrientationPortraitUpsideDown UIInterfaceOrientationLandscapeLeft UIInterfaceOrientationLandscapeRight";
				INFOPLIST_KEY_UISupportedInterfaceOrientations_iPhone = "UIInterfaceOrientationPortrait UIInterfaceOrientationLandscapeLeft UIInterfaceOrientationLandscapeRight";
				LD_RUNPATH_SEARCH_PATHS = (
					"$(inherited)",
					"@executable_path/Frameworks",
				);
				MARKETING_VERSION = 1.0;
				PRODUCT_BUNDLE_IDENTIFIER = "com.leon.my-to-do-list";
				PRODUCT_NAME = "$(TARGET_NAME)";
				SWIFT_EMIT_LOC_STRINGS = YES;
				SWIFT_VERSION = 5.0;
				TARGETED_DEVICE_FAMILY = "1,2";
			};
			name = Release;
		};
/* End XCBuildConfiguration section */

/* Begin XCConfigurationList section */
		35D6B3AD28432D9300321698 /* Build configuration list for PBXProject "my to do list" */ = {
			isa = XCConfigurationList;
			buildConfigurations = (
				35D6B3C428432D9A00321698 /* Debug */,
				35D6B3C528432D9A00321698 /* Release */,
			);
			defaultConfigurationIsVisible = 0;
			defaultConfigurationName = Release;
		};
		35D6B3C628432D9A00321698 /* Build configuration list for PBXNativeTarget "my to do list" */ = {
			isa = XCConfigurationList;
			buildConfigurations = (
				35D6B3C728432D9A00321698 /* Debug */,
				35D6B3C828432D9A00321698 /* Release */,
			);
			defaultConfigurationIsVisible = 0;
			defaultConfigurationName = Release;
		};
/* End XCConfigurationList section */

/* Begin XCRemoteSwiftPackageReference section */
		35D6B3DC28433CD500321698 /* XCRemoteSwiftPackageReference "SnapKit" */ = {
			isa = XCRemoteSwiftPackageReference;
			repositoryURL = "https://github.com/SnapKit/SnapKit.git";
			requirement = {
				kind = upToNextMajorVersion;
				minimumVersion = 5.0.0;
			};
		};
/* End XCRemoteSwiftPackageReference section */

/* Begin XCSwiftPackageProductDependency section */
		35D6B3DD28433CD500321698 /* SnapKit */ = {
			isa = XCSwiftPackageProductDependency;
			package = 35D6B3DC28433CD500321698 /* XCRemoteSwiftPackageReference "SnapKit" */;
			productName = SnapKit;
		};
/* End XCSwiftPackageProductDependency section */
	};
	rootObject = 35D6B3AA28432D9300321698 /* Project object */;
}
